
Microsoft Visual Studio Solution File, Format Version 12.00
# Visual Studio Version 16
VisualStudioVersion = 16.0.29509.3
MinimumVisualStudioVersion = 10.0.40219.1
Project("{9A19103F-16F7-4668-BE54-9A1E7A4F7556}") = "WebApiUtils", "WebApiUtils\WebApiUtils.csproj", "{A37FD35C-3184-4B7F-9F85-72DF1258117B}"
EndProject
Project("{9A19103F-16F7-4668-BE54-9A1E7A4F7556}") = "RwByApi", "RwByApi\RwByApi.csproj", "{CAC807E9-EEB7-4104-A98F-CD3955B446DE}"
EndProject
Project("{9A19103F-16F7-4668-BE54-9A1E7A4F7556}") = "CredentialManager", "CredentialManager\CredentialManager.csproj", "{DAFCB05F-4EAA-4585-998E-BF46F6CAA699}"
EndProject
Project("{9A19103F-16F7-4668-BE54-9A1E7A4F7556}") = "CredentialHelper", "CredentialHelper\CredentialHelper.csproj", "{6C2E3056-C022-401D-9F94-148DA5DE63BA}"
EndProject
Project("{9A19103F-16F7-4668-BE54-9A1E7A4F7556}") = "Notifier", "Notifier\Notifier.csproj", "{DAB87653-F11E-41C0-ACBF-132628E181B9}"
EndProject
Project("{9A19103F-16F7-4668-BE54-9A1E7A4F7556}") = "MyControls", "TimePicker\MyControls.csproj", "{2C3D835C-E217-4EC0-8060-37B83ADF2A58}"
EndProject
Project("{2150E333-8FDC-42A3-9474-1A3956D46DE8}") = "Utilities", "Utilities", "{C4DF3664-18F6-45C1-B990-B0823837662E}"
EndProject
Project("{9A19103F-16F7-4668-BE54-9A1E7A4F7556}") = "WebContentParser", "Utilities\WebContentParser\WebContentParser.csproj", "{935E468B-68F0-4742-A308-B2CBDC63BBB9}"
EndProject
Project("{2150E333-8FDC-42A3-9474-1A3956D46DE8}") = "Depricated", "Depricated", "{E73429D5-10BB-42AC-946F-651873EF3410}"
EndProject
Project("{9A19103F-16F7-4668-BE54-9A1E7A4F7556}") = "RouteByApi", "Depricated\RouteByApi\RouteByApi.csproj", "{72142BCE-CA46-4A1D-97F7-FB9626CD3D2D}"
EndProject
Project("{2150E333-8FDC-42A3-9474-1A3956D46DE8}") = "Build", "Build", "{284C6A3C-75BC-4A6F-9259-8442FB082C38}"
	ProjectSection(SolutionItems) = preProject
		Build\Notifier.exe = Build\Notifier.exe
		Build\Notifier.pdb = Build\Notifier.pdb
	EndProjectSection
EndProject
Project("{9A19103F-16F7-4668-BE54-9A1E7A4F7556}") = "AtlasbusByApi", "Depricated\AtlasbusByApi\AtlasbusByApi.csproj", "{D948F546-71E1-4140-9674-6BE59E2FF8DE}"
EndProject
Project("{9A19103F-16F7-4668-BE54-9A1E7A4F7556}") = "BusProBy", "BusProBy\BusProBy.csproj", "{3BCDE775-349C-47CA-8E93-3974D3B96BB2}"
EndProject
Project("{FAE04EC0-301F-11D3-BF4B-00C04F79EFBC}") = "TestConsoleApp1", "TestConsoleApp1\TestConsoleApp1.csproj", "{6A2A914F-940F-432C-A706-A9B0F1124CD7}"
EndProject
Global
	GlobalSection(SolutionConfigurationPlatforms) = preSolution
		Debug|Any CPU = Debug|Any CPU
		Release|Any CPU = Release|Any CPU
	EndGlobalSection
	GlobalSection(ProjectConfigurationPlatforms) = postSolution
		{A37FD35C-3184-4B7F-9F85-72DF1258117B}.Debug|Any CPU.ActiveCfg = Debug|Any CPU
		{A37FD35C-3184-4B7F-9F85-72DF1258117B}.Debug|Any CPU.Build.0 = Debug|Any CPU
		{A37FD35C-3184-4B7F-9F85-72DF1258117B}.Release|Any CPU.ActiveCfg = Release|Any CPU
		{A37FD35C-3184-4B7F-9F85-72DF1258117B}.Release|Any CPU.Build.0 = Release|Any CPU
		{CAC807E9-EEB7-4104-A98F-CD3955B446DE}.Debug|Any CPU.ActiveCfg = Debug|Any CPU
		{CAC807E9-EEB7-4104-A98F-CD3955B446DE}.Debug|Any CPU.Build.0 = Debug|Any CPU
		{CAC807E9-EEB7-4104-A98F-CD3955B446DE}.Release|Any CPU.ActiveCfg = Release|Any CPU
		{CAC807E9-EEB7-4104-A98F-CD3955B446DE}.Release|Any CPU.Build.0 = Release|Any CPU
		{DAFCB05F-4EAA-4585-998E-BF46F6CAA699}.Debug|Any CPU.ActiveCfg = Debug|Any CPU
		{DAFCB05F-4EAA-4585-998E-BF46F6CAA699}.Debug|Any CPU.Build.0 = Debug|Any CPU
		{DAFCB05F-4EAA-4585-998E-BF46F6CAA699}.Release|Any CPU.ActiveCfg = Release|Any CPU
		{DAFCB05F-4EAA-4585-998E-BF46F6CAA699}.Release|Any CPU.Build.0 = Release|Any CPU
		{6C2E3056-C022-401D-9F94-148DA5DE63BA}.Debug|Any CPU.ActiveCfg = Debug|Any CPU
		{6C2E3056-C022-401D-9F94-148DA5DE63BA}.Debug|Any CPU.Build.0 = Debug|Any CPU
		{6C2E3056-C022-401D-9F94-148DA5DE63BA}.Release|Any CPU.ActiveCfg = Release|Any CPU
		{6C2E3056-C022-401D-9F94-148DA5DE63BA}.Release|Any CPU.Build.0 = Release|Any CPU
		{DAB87653-F11E-41C0-ACBF-132628E181B9}.Debug|Any CPU.ActiveCfg = Debug|Any CPU
		{DAB87653-F11E-41C0-ACBF-132628E181B9}.Debug|Any CPU.Build.0 = Debug|Any CPU
		{DAB87653-F11E-41C0-ACBF-132628E181B9}.Release|Any CPU.ActiveCfg = Release|Any CPU
		{DAB87653-F11E-41C0-ACBF-132628E181B9}.Release|Any CPU.Build.0 = Release|Any CPU
		{2C3D835C-E217-4EC0-8060-37B83ADF2A58}.Debug|Any CPU.ActiveCfg = Debug|Any CPU
		{2C3D835C-E217-4EC0-8060-37B83ADF2A58}.Debug|Any CPU.Build.0 = Debug|Any CPU
		{2C3D835C-E217-4EC0-8060-37B83ADF2A58}.Release|Any CPU.ActiveCfg = Release|Any CPU
		{2C3D835C-E217-4EC0-8060-37B83ADF2A58}.Release|Any CPU.Build.0 = Release|Any CPU
		{935E468B-68F0-4742-A308-B2CBDC63BBB9}.Debug|Any CPU.ActiveCfg = Debug|Any CPU
		{935E468B-68F0-4742-A308-B2CBDC63BBB9}.Debug|Any CPU.Build.0 = Debug|Any CPU
		{935E468B-68F0-4742-A308-B2CBDC63BBB9}.Release|Any CPU.ActiveCfg = Release|Any CPU
		{935E468B-68F0-4742-A308-B2CBDC63BBB9}.Release|Any CPU.Build.0 = Release|Any CPU
		{72142BCE-CA46-4A1D-97F7-FB9626CD3D2D}.Debug|Any CPU.ActiveCfg = Debug|Any CPU
		{72142BCE-CA46-4A1D-97F7-FB9626CD3D2D}.Release|Any CPU.ActiveCfg = Release|Any CPU
		{72142BCE-CA46-4A1D-97F7-FB9626CD3D2D}.Release|Any CPU.Build.0 = Release|Any CPU
		{D948F546-71E1-4140-9674-6BE59E2FF8DE}.Debug|Any CPU.ActiveCfg = Debug|Any CPU
		{D948F546-71E1-4140-9674-6BE59E2FF8DE}.Debug|Any CPU.Build.0 = Debug|Any CPU
		{D948F546-71E1-4140-9674-6BE59E2FF8DE}.Release|Any CPU.ActiveCfg = Release|Any CPU
		{D948F546-71E1-4140-9674-6BE59E2FF8DE}.Release|Any CPU.Build.0 = Release|Any CPU
		{3BCDE775-349C-47CA-8E93-3974D3B96BB2}.Debug|Any CPU.ActiveCfg = Debug|Any CPU
		{3BCDE775-349C-47CA-8E93-3974D3B96BB2}.Debug|Any CPU.Build.0 = Debug|Any CPU
		{3BCDE775-349C-47CA-8E93-3974D3B96BB2}.Release|Any CPU.ActiveCfg = Release|Any CPU
		{3BCDE775-349C-47CA-8E93-3974D3B96BB2}.Release|Any CPU.Build.0 = Release|Any CPU
		{6A2A914F-940F-432C-A706-A9B0F1124CD7}.Debug|Any CPU.ActiveCfg = Debug|Any CPU
		{6A2A914F-940F-432C-A706-A9B0F1124CD7}.Debug|Any CPU.Build.0 = Debug|Any CPU
		{6A2A914F-940F-432C-A706-A9B0F1124CD7}.Release|Any CPU.ActiveCfg = Release|Any CPU
		{6A2A914F-940F-432C-A706-A9B0F1124CD7}.Release|Any CPU.Build.0 = Release|Any CPU
	EndGlobalSection
	GlobalSection(SolutionProperties) = preSolution
		HideSolutionNode = FALSE
	EndGlobalSection
	GlobalSection(NestedProjects) = preSolution
		{935E468B-68F0-4742-A308-B2CBDC63BBB9} = {C4DF3664-18F6-45C1-B990-B0823837662E}
		{72142BCE-CA46-4A1D-97F7-FB9626CD3D2D} = {E73429D5-10BB-42AC-946F-651873EF3410}
		{D948F546-71E1-4140-9674-6BE59E2FF8DE} = {E73429D5-10BB-42AC-946F-651873EF3410}
	EndGlobalSection
	GlobalSection(ExtensibilityGlobals) = postSolution
		SolutionGuid = {2D6D3DFC-32BE-4A2B-AA82-2015848C9813}
	EndGlobalSection
EndGlobal
